<?xml version="1.0" encoding="utf-8"?>
<Project ToolsVersion="4.0" xmlns="http://schemas.microsoft.com/developer/msbuild/2003">
  <ItemGroup>
    <Filter Include="Archivos de origen">
      <UniqueIdentifier>{4FC737F1-C7A5-4376-A066-2A32D752A2FF}</UniqueIdentifier>
      <Extensions>cpp;c;cc;cxx;c++;cppm;ixx;def;odl;idl;hpj;bat;asm;asmx</Extensions>
    </Filter>
    <Filter Include="Archivos de encabezado">
      <UniqueIdentifier>{93995380-89BD-4b04-88EB-625FBE52EBFB}</UniqueIdentifier>
      <Extensions>h;hh;hpp;hxx;h++;hm;inl;inc;ipp;xsd</Extensions>
    </Filter>
    <Filter Include="Archivos de recursos">
      <UniqueIdentifier>{67DA6AB6-F800-4c08-8B7A-83BB121AAD01}</UniqueIdentifier>
      <Extensions>rc;ico;cur;bmp;dlg;rc2;rct;bin;rgs;gif;jpg;jpeg;jpe;resx;tiff;tif;png;wav;mfcribbon-ms</Extensions>
    </Filter>
  </ItemGroup>
  <ItemGroup>
    <ClCompile Include="RayTracer\Material.cpp">
      <Filter>Archivos de origen</Filter>
    </ClCompile>
    <ClCompile Include="RayTracer\Renderer.cpp">
      <Filter>Archivos de origen</Filter>
    </ClCompile>
    <ClCompile Include="RayTracer\Scene.cpp">
      <Filter>Archivos de origen</Filter>
    </ClCompile>
    <ClCompile Include="RayTracer\Sphere.cpp">
      <Filter>Archivos de origen</Filter>
    </ClCompile>
    <ClCompile Include="RayTracer\main.cpp">
      <Filter>Archivos de origen</Filter>
    </ClCompile>
    <ClCompile Include="RayTracer\Film.cpp">
      <Filter>Archivos de origen</Filter>
    </ClCompile>
    <ClCompile Include="RayTracer\Camera.cpp">
      <Filter>Archivos de origen</Filter>
    </ClCompile>
    <ClCompile Include="RayTracer\DirectionalLight.cpp">
      <Filter>Archivos de origen</Filter>
    </ClCompile>
    <ClCompile Include="RayTracer\Light.cpp">
      <Filter>Archivos de origen</Filter>
    </ClCompile>
    <ClCompile Include="RayTracer\PointLight.cpp">
      <Filter>Archivos de origen</Filter>
    </ClCompile>
    <ClCompile Include="RayTracer\World.cpp">
      <Filter>Archivos de origen</Filter>
    </ClCompile>
    <ClCompile Include="RayTracer\Texture.cpp">
      <Filter>Archivos de origen</Filter>
    </ClCompile>
    <ClCompile Include="RayTracer\Quad.cpp">
      <Filter>Archivos de origen</Filter>
    </ClCompile>
    <ClCompile Include="RayTracer\ConstantTexture.cpp">
      <Filter>Archivos de origen</Filter>
    </ClCompile>
    <ClCompile Include="RayTracer\CheckerTexture.cpp">
      <Filter>Archivos de origen</Filter>
    </ClCompile>
  </ItemGroup>
  <ItemGroup>
    <ClInclude Include="RayTracer\Material.h">
      <Filter>Archivos de encabezado</Filter>
    </ClInclude>
    <ClInclude Include="RayTracer\Renderer.h">
      <Filter>Archivos de encabezado</Filter>
    </ClInclude>
    <ClInclude Include="RayTracer\Scene.h">
      <Filter>Archivos de encabezado</Filter>
    </ClInclude>
    <ClInclude Include="RayTracer\Shape.h">
      <Filter>Archivos de encabezado</Filter>
    </ClInclude>
    <ClInclude Include="RayTracer\Sphere.h">
      <Filter>Archivos de encabezado</Filter>
    </ClInclude>
    <ClInclude Include="RayTracer\Ray.hpp">
      <Filter>Archivos de encabezado</Filter>
    </ClInclude>
    <ClInclude Include="RayTracer\Color.h">
      <Filter>Archivos de encabezado</Filter>
    </ClInclude>
    <ClInclude Include="RayTracer\Film.h">
      <Filter>Archivos de encabezado</Filter>
    </ClInclude>
    <ClInclude Include="RayTracer\Camera.hpp">
      <Filter>Archivos de encabezado</Filter>
    </ClInclude>
    <ClInclude Include="RayTracer\InfoIntersection.h">
      <Filter>Archivos de encabezado</Filter>
    </ClInclude>
    <ClInclude Include="RayTracer\DirectionalLight.h">
      <Filter>Archivos de encabezado</Filter>
    </ClInclude>
    <ClInclude Include="RayTracer\Light.h">
      <Filter>Archivos de encabezado</Filter>
    </ClInclude>
    <ClInclude Include="RayTracer\PointLight.h">
      <Filter>Archivos de encabezado</Filter>
    </ClInclude>
    <ClInclude Include="RayTracer\World.h">
      <Filter>Archivos de encabezado</Filter>
    </ClInclude>
    <ClInclude Include="RayTracer\Texture.h">
      <Filter>Archivos de encabezado</Filter>
    </ClInclude>
    <ClInclude Include="RayTracer\Quad.h">
      <Filter>Archivos de encabezado</Filter>
    </ClInclude>
    <ClInclude Include="RayTracer\ConstantTexture.h">
      <Filter>Archivos de encabezado</Filter>
    </ClInclude>
    <ClInclude Include="RayTracer\CheckerTexture.h">
      <Filter>Archivos de encabezado</Filter>
    </ClInclude>
  </ItemGroup>
</Project>